
Microsoft Visual Studio Solution File, Format Version 12.00
# Visual Studio Version 17
VisualStudioVersion = 17.13.35825.156 d17.13
MinimumVisualStudioVersion = 10.0.40219.1
Project("{FAE04EC0-301F-11D3-BF4B-00C04F79EFBC}") = "FirstPrimeNumber", "FirstPrimeNumber\FirstPrimeNumber.csproj", "{DD0CCC3A-D9F7-4351-9FBF-6558DB801328}"
EndProject
Global
	GlobalSection(SolutionConfigurationPlatforms) = preSolution
		Debug|Any CPU = Debug|Any CPU
		Release|Any CPU = Release|Any CPU
	EndGlobalSection
	GlobalSection(ProjectConfigurationPlatforms) = postSolution
		{DD0CCC3A-D9F7-4351-9FBF-6558DB801328}.Debug|Any CPU.ActiveCfg = Debug|Any CPU
		{DD0CCC3A-D9F7-4351-9FBF-6558DB801328}.Debug|Any CPU.Build.0 = Debug|Any CPU
		{DD0CCC3A-D9F7-4351-9FBF-6558DB801328}.Release|Any CPU.ActiveCfg = Release|Any CPU
		{DD0CCC3A-D9F7-4351-9FBF-6558DB801328}.Release|Any CPU.Build.0 = Release|Any CPU
	EndGlobalSection
	GlobalSection(SolutionProperties) = preSolution
		HideSolutionNode = FALSE
	EndGlobalSection
	GlobalSection(ExtensibilityGlobals) = postSolution
		SolutionGuid = {D32ECA47-17F9-4BAE-A473-88194219A479}
	EndGlobalSection
EndGlobal
