
Microsoft Visual Studio Solution File, Format Version 12.00
# Visual Studio Version 17
VisualStudioVersion = 17.13.35825.156 d17.13
MinimumVisualStudioVersion = 10.0.40219.1
Project("{FAE04EC0-301F-11D3-BF4B-00C04F79EFBC}") = "CheckPrimeNumber", "CheckPrimeNumber\CheckPrimeNumber.csproj", "{5FFA0D18-5E46-418B-8481-8E6096A4E60B}"
EndProject
Global
	GlobalSection(SolutionConfigurationPlatforms) = preSolution
		Debug|Any CPU = Debug|Any CPU
		Release|Any CPU = Release|Any CPU
	EndGlobalSection
	GlobalSection(ProjectConfigurationPlatforms) = postSolution
		{5FFA0D18-5E46-418B-8481-8E6096A4E60B}.Debug|Any CPU.ActiveCfg = Debug|Any CPU
		{5FFA0D18-5E46-418B-8481-8E6096A4E60B}.Debug|Any CPU.Build.0 = Debug|Any CPU
		{5FFA0D18-5E46-418B-8481-8E6096A4E60B}.Release|Any CPU.ActiveCfg = Release|Any CPU
		{5FFA0D18-5E46-418B-8481-8E6096A4E60B}.Release|Any CPU.Build.0 = Release|Any CPU
	EndGlobalSection
	GlobalSection(SolutionProperties) = preSolution
		HideSolutionNode = FALSE
	EndGlobalSection
	GlobalSection(ExtensibilityGlobals) = postSolution
		SolutionGuid = {89699607-877C-41AD-B46F-9C068EF442B4}
	EndGlobalSection
EndGlobal
