
Microsoft Visual Studio Solution File, Format Version 12.00
# Visual Studio Version 17
VisualStudioVersion = 17.13.35825.156 d17.13
MinimumVisualStudioVersion = 10.0.40219.1
Project("{FAE04EC0-301F-11D3-BF4B-00C04F79EFBC}") = "ArenaOfRectangle", "ArenaOfRectangle\ArenaOfRectangle.csproj", "{537B6814-F25E-4757-B7A7-4EA35F586E16}"
EndProject
Global
	GlobalSection(SolutionConfigurationPlatforms) = preSolution
		Debug|Any CPU = Debug|Any CPU
		Release|Any CPU = Release|Any CPU
	EndGlobalSection
	GlobalSection(ProjectConfigurationPlatforms) = postSolution
		{537B6814-F25E-4757-B7A7-4EA35F586E16}.Debug|Any CPU.ActiveCfg = Debug|Any CPU
		{537B6814-F25E-4757-B7A7-4EA35F586E16}.Debug|Any CPU.Build.0 = Debug|Any CPU
		{537B6814-F25E-4757-B7A7-4EA35F586E16}.Release|Any CPU.ActiveCfg = Release|Any CPU
		{537B6814-F25E-4757-B7A7-4EA35F586E16}.Release|Any CPU.Build.0 = Release|Any CPU
	EndGlobalSection
	GlobalSection(SolutionProperties) = preSolution
		HideSolutionNode = FALSE
	EndGlobalSection
	GlobalSection(ExtensibilityGlobals) = postSolution
		SolutionGuid = {017663B3-2821-4E03-A533-E70EC5112297}
	EndGlobalSection
EndGlobal
