
Microsoft Visual Studio Solution File, Format Version 12.00
# Visual Studio Version 17
VisualStudioVersion = 17.13.35825.156 d17.13
MinimumVisualStudioVersion = 10.0.40219.1
Project("{FAE04EC0-301F-11D3-BF4B-00C04F79EFBC}") = "Variable", "Variable\Variable.csproj", "{465D2F0B-1B40-4C85-BDDF-075014AA811E}"
EndProject
Global
	GlobalSection(SolutionConfigurationPlatforms) = preSolution
		Debug|Any CPU = Debug|Any CPU
		Release|Any CPU = Release|Any CPU
	EndGlobalSection
	GlobalSection(ProjectConfigurationPlatforms) = postSolution
		{465D2F0B-1B40-4C85-BDDF-075014AA811E}.Debug|Any CPU.ActiveCfg = Debug|Any CPU
		{465D2F0B-1B40-4C85-BDDF-075014AA811E}.Debug|Any CPU.Build.0 = Debug|Any CPU
		{465D2F0B-1B40-4C85-BDDF-075014AA811E}.Release|Any CPU.ActiveCfg = Release|Any CPU
		{465D2F0B-1B40-4C85-BDDF-075014AA811E}.Release|Any CPU.Build.0 = Release|Any CPU
	EndGlobalSection
	GlobalSection(SolutionProperties) = preSolution
		HideSolutionNode = FALSE
	EndGlobalSection
	GlobalSection(ExtensibilityGlobals) = postSolution
		SolutionGuid = {12E88AAD-03B9-4186-BD37-C844DB0469B0}
	EndGlobalSection
EndGlobal
