
Microsoft Visual Studio Solution File, Format Version 12.00
# Visual Studio Version 17
VisualStudioVersion = 17.13.35825.156 d17.13
MinimumVisualStudioVersion = 10.0.40219.1
Project("{FAE04EC0-301F-11D3-BF4B-00C04F79EFBC}") = "PrimeNumber", "PrimeNumber\PrimeNumber.csproj", "{07D6E791-3FE1-42B8-8758-DFB5173BA535}"
EndProject
Project("{FAE04EC0-301F-11D3-BF4B-00C04F79EFBC}") = "Menu", "Menu\Menu.csproj", "{0FED4366-A15E-4BC7-9DCF-87FDD6A035EF}"
EndProject
Global
	GlobalSection(SolutionConfigurationPlatforms) = preSolution
		Debug|Any CPU = Debug|Any CPU
		Release|Any CPU = Release|Any CPU
	EndGlobalSection
	GlobalSection(ProjectConfigurationPlatforms) = postSolution
		{07D6E791-3FE1-42B8-8758-DFB5173BA535}.Debug|Any CPU.ActiveCfg = Debug|Any CPU
		{07D6E791-3FE1-42B8-8758-DFB5173BA535}.Debug|Any CPU.Build.0 = Debug|Any CPU
		{07D6E791-3FE1-42B8-8758-DFB5173BA535}.Release|Any CPU.ActiveCfg = Release|Any CPU
		{07D6E791-3FE1-42B8-8758-DFB5173BA535}.Release|Any CPU.Build.0 = Release|Any CPU
		{0FED4366-A15E-4BC7-9DCF-87FDD6A035EF}.Debug|Any CPU.ActiveCfg = Debug|Any CPU
		{0FED4366-A15E-4BC7-9DCF-87FDD6A035EF}.Debug|Any CPU.Build.0 = Debug|Any CPU
		{0FED4366-A15E-4BC7-9DCF-87FDD6A035EF}.Release|Any CPU.ActiveCfg = Release|Any CPU
		{0FED4366-A15E-4BC7-9DCF-87FDD6A035EF}.Release|Any CPU.Build.0 = Release|Any CPU
	EndGlobalSection
	GlobalSection(SolutionProperties) = preSolution
		HideSolutionNode = FALSE
	EndGlobalSection
	GlobalSection(ExtensibilityGlobals) = postSolution
		SolutionGuid = {6DCFA7C7-4FFD-4A59-A679-43A4F2A7DB8E}
	EndGlobalSection
EndGlobal
