
Microsoft Visual Studio Solution File, Format Version 12.00
# Visual Studio Version 17
VisualStudioVersion = 17.13.35825.156 d17.13
MinimumVisualStudioVersion = 10.0.40219.1
Project("{FAE04EC0-301F-11D3-BF4B-00C04F79EFBC}") = "Shape", "Shape\Shape.csproj", "{3BCC061F-6527-4FA9-9092-9F0EEF545586}"
EndProject
Global
	GlobalSection(SolutionConfigurationPlatforms) = preSolution
		Debug|Any CPU = Debug|Any CPU
		Release|Any CPU = Release|Any CPU
	EndGlobalSection
	GlobalSection(ProjectConfigurationPlatforms) = postSolution
		{3BCC061F-6527-4FA9-9092-9F0EEF545586}.Debug|Any CPU.ActiveCfg = Debug|Any CPU
		{3BCC061F-6527-4FA9-9092-9F0EEF545586}.Debug|Any CPU.Build.0 = Debug|Any CPU
		{3BCC061F-6527-4FA9-9092-9F0EEF545586}.Release|Any CPU.ActiveCfg = Release|Any CPU
		{3BCC061F-6527-4FA9-9092-9F0EEF545586}.Release|Any CPU.Build.0 = Release|Any CPU
	EndGlobalSection
	GlobalSection(SolutionProperties) = preSolution
		HideSolutionNode = FALSE
	EndGlobalSection
	GlobalSection(ExtensibilityGlobals) = postSolution
		SolutionGuid = {1A6647B5-ED50-4150-A78D-2B652ED3A851}
	EndGlobalSection
EndGlobal
