
Microsoft Visual Studio Solution File, Format Version 12.00
# Visual Studio Version 17
VisualStudioVersion = 17.13.35825.156 d17.13
MinimumVisualStudioVersion = 10.0.40219.1
Project("{FAE04EC0-301F-11D3-BF4B-00C04F79EFBC}") = "PhanTuLonNhat", "PhanTuLonNhat\PhanTuLonNhat.csproj", "{CDEDCD76-F888-4380-9345-A0D19A3DB7D8}"
EndProject
Global
	GlobalSection(SolutionConfigurationPlatforms) = preSolution
		Debug|Any CPU = Debug|Any CPU
		Release|Any CPU = Release|Any CPU
	EndGlobalSection
	GlobalSection(ProjectConfigurationPlatforms) = postSolution
		{CDEDCD76-F888-4380-9345-A0D19A3DB7D8}.Debug|Any CPU.ActiveCfg = Debug|Any CPU
		{CDEDCD76-F888-4380-9345-A0D19A3DB7D8}.Debug|Any CPU.Build.0 = Debug|Any CPU
		{CDEDCD76-F888-4380-9345-A0D19A3DB7D8}.Release|Any CPU.ActiveCfg = Release|Any CPU
		{CDEDCD76-F888-4380-9345-A0D19A3DB7D8}.Release|Any CPU.Build.0 = Release|Any CPU
	EndGlobalSection
	GlobalSection(SolutionProperties) = preSolution
		HideSolutionNode = FALSE
	EndGlobalSection
	GlobalSection(ExtensibilityGlobals) = postSolution
		SolutionGuid = {E35163B3-E2A9-46D0-9F81-B0D278A6BDF7}
	EndGlobalSection
EndGlobal
