
Microsoft Visual Studio Solution File, Format Version 12.00
# Visual Studio Version 17
VisualStudioVersion = 17.13.35825.156 d17.13
MinimumVisualStudioVersion = 10.0.40219.1
Project("{FAE04EC0-301F-11D3-BF4B-00C04F79EFBC}") = "Currency", "Currency\Currency.csproj", "{BE65D3EC-4ADB-486C-BE19-305E01A005B5}"
EndProject
Global
	GlobalSection(SolutionConfigurationPlatforms) = preSolution
		Debug|Any CPU = Debug|Any CPU
		Release|Any CPU = Release|Any CPU
	EndGlobalSection
	GlobalSection(ProjectConfigurationPlatforms) = postSolution
		{BE65D3EC-4ADB-486C-BE19-305E01A005B5}.Debug|Any CPU.ActiveCfg = Debug|Any CPU
		{BE65D3EC-4ADB-486C-BE19-305E01A005B5}.Debug|Any CPU.Build.0 = Debug|Any CPU
		{BE65D3EC-4ADB-486C-BE19-305E01A005B5}.Release|Any CPU.ActiveCfg = Release|Any CPU
		{BE65D3EC-4ADB-486C-BE19-305E01A005B5}.Release|Any CPU.Build.0 = Release|Any CPU
	EndGlobalSection
	GlobalSection(SolutionProperties) = preSolution
		HideSolutionNode = FALSE
	EndGlobalSection
	GlobalSection(ExtensibilityGlobals) = postSolution
		SolutionGuid = {8FB4612A-7FF8-4558-BD6F-A497CC45A59A}
	EndGlobalSection
EndGlobal
