
Microsoft Visual Studio Solution File, Format Version 12.00
# Visual Studio Version 17
VisualStudioVersion = 17.13.35825.156 d17.13
MinimumVisualStudioVersion = 10.0.40219.1
Project("{FAE04EC0-301F-11D3-BF4B-00C04F79EFBC}") = "CountDayInMonth", "CountDayInMonth\CountDayInMonth.csproj", "{00986911-FE1A-484D-8C6B-671C0EFA92EB}"
EndProject
Global
	GlobalSection(SolutionConfigurationPlatforms) = preSolution
		Debug|Any CPU = Debug|Any CPU
		Release|Any CPU = Release|Any CPU
	EndGlobalSection
	GlobalSection(ProjectConfigurationPlatforms) = postSolution
		{00986911-FE1A-484D-8C6B-671C0EFA92EB}.Debug|Any CPU.ActiveCfg = Debug|Any CPU
		{00986911-FE1A-484D-8C6B-671C0EFA92EB}.Debug|Any CPU.Build.0 = Debug|Any CPU
		{00986911-FE1A-484D-8C6B-671C0EFA92EB}.Release|Any CPU.ActiveCfg = Release|Any CPU
		{00986911-FE1A-484D-8C6B-671C0EFA92EB}.Release|Any CPU.Build.0 = Release|Any CPU
	EndGlobalSection
	GlobalSection(SolutionProperties) = preSolution
		HideSolutionNode = FALSE
	EndGlobalSection
	GlobalSection(ExtensibilityGlobals) = postSolution
		SolutionGuid = {0690E44D-ACDB-4C29-A6EE-40D657D468C4}
	EndGlobalSection
EndGlobal
